
Microsoft Visual Studio Solution File, Format Version 12.00
# Visual Studio Version 17
VisualStudioVersion = 17.0.31903.59
MinimumVisualStudioVersion = 10.0.40219.1
Project("{FAE04EC0-301F-11D3-BF4B-00C04F79EFBC}") = "Day 1", "day-01\day-01.csproj", "{96FC2EDB-1F00-4509-B261-90C8E5E81139}"
EndProject
Project("{FAE04EC0-301F-11D3-BF4B-00C04F79EFBC}") = "Day 2", "day-02\day-02.csproj", "{B283987E-BFB1-4CF8-969E-1DE910E40713}"
EndProject
Project("{FAE04EC0-301F-11D3-BF4B-00C04F79EFBC}") = "Day 3", "day-03\day-03.csproj", "{A77B6080-E856-4B16-9784-D3EE564ACAC8}"
EndProject
Project("{FAE04EC0-301F-11D3-BF4B-00C04F79EFBC}") = "Day 4", "day-04\day-04.csproj", "{E1FB12C8-B50B-46BC-BE62-6B7F33288BE4}"
EndProject
Project("{FAE04EC0-301F-11D3-BF4B-00C04F79EFBC}") = "Day 5", "day-05\day-05.csproj", "{E0518F08-9E2F-458B-B5A0-36046A7B16A7}"
EndProject
Project("{FAE04EC0-301F-11D3-BF4B-00C04F79EFBC}") = "Day 6", "day-06\day-06.csproj", "{B1F9DF41-B9C4-4A4D-B0A1-5843CE5960C5}"
EndProject
Project("{FAE04EC0-301F-11D3-BF4B-00C04F79EFBC}") = "Day 7", "day-07\day-07.csproj", "{FB7F5D93-4CAA-4248-99D0-54C76F5A2B2C}"
EndProject
Project("{FAE04EC0-301F-11D3-BF4B-00C04F79EFBC}") = "Day 8", "day-08\day-08.csproj", "{E5C7FD2C-299E-46C1-A588-F5D0F8F02CF5}"
EndProject
Project("{FAE04EC0-301F-11D3-BF4B-00C04F79EFBC}") = "Day 9", "day-09\day-09.csproj", "{5C50C1B1-97E0-41B6-BA06-D38AC2C7B1D4}"
EndProject
Global
	GlobalSection(SolutionConfigurationPlatforms) = preSolution
		Debug|Any CPU = Debug|Any CPU
		Release|Any CPU = Release|Any CPU
	EndGlobalSection
	GlobalSection(SolutionProperties) = preSolution
		HideSolutionNode = FALSE
	EndGlobalSection
	GlobalSection(ProjectConfigurationPlatforms) = postSolution
		{96FC2EDB-1F00-4509-B261-90C8E5E81139}.Debug|Any CPU.ActiveCfg = Debug|Any CPU
		{96FC2EDB-1F00-4509-B261-90C8E5E81139}.Debug|Any CPU.Build.0 = Debug|Any CPU
		{96FC2EDB-1F00-4509-B261-90C8E5E81139}.Release|Any CPU.ActiveCfg = Release|Any CPU
		{96FC2EDB-1F00-4509-B261-90C8E5E81139}.Release|Any CPU.Build.0 = Release|Any CPU
		{B283987E-BFB1-4CF8-969E-1DE910E40713}.Debug|Any CPU.ActiveCfg = Debug|Any CPU
		{B283987E-BFB1-4CF8-969E-1DE910E40713}.Debug|Any CPU.Build.0 = Debug|Any CPU
		{B283987E-BFB1-4CF8-969E-1DE910E40713}.Release|Any CPU.ActiveCfg = Release|Any CPU
		{B283987E-BFB1-4CF8-969E-1DE910E40713}.Release|Any CPU.Build.0 = Release|Any CPU
		{A77B6080-E856-4B16-9784-D3EE564ACAC8}.Debug|Any CPU.ActiveCfg = Debug|Any CPU
		{A77B6080-E856-4B16-9784-D3EE564ACAC8}.Debug|Any CPU.Build.0 = Debug|Any CPU
		{A77B6080-E856-4B16-9784-D3EE564ACAC8}.Release|Any CPU.ActiveCfg = Release|Any CPU
		{A77B6080-E856-4B16-9784-D3EE564ACAC8}.Release|Any CPU.Build.0 = Release|Any CPU
		{E1FB12C8-B50B-46BC-BE62-6B7F33288BE4}.Debug|Any CPU.ActiveCfg = Debug|Any CPU
		{E1FB12C8-B50B-46BC-BE62-6B7F33288BE4}.Debug|Any CPU.Build.0 = Debug|Any CPU
		{E1FB12C8-B50B-46BC-BE62-6B7F33288BE4}.Release|Any CPU.ActiveCfg = Release|Any CPU
		{E1FB12C8-B50B-46BC-BE62-6B7F33288BE4}.Release|Any CPU.Build.0 = Release|Any CPU
		{E0518F08-9E2F-458B-B5A0-36046A7B16A7}.Debug|Any CPU.ActiveCfg = Debug|Any CPU
		{E0518F08-9E2F-458B-B5A0-36046A7B16A7}.Debug|Any CPU.Build.0 = Debug|Any CPU
		{E0518F08-9E2F-458B-B5A0-36046A7B16A7}.Release|Any CPU.ActiveCfg = Release|Any CPU
		{E0518F08-9E2F-458B-B5A0-36046A7B16A7}.Release|Any CPU.Build.0 = Release|Any CPU
		{B1F9DF41-B9C4-4A4D-B0A1-5843CE5960C5}.Debug|Any CPU.ActiveCfg = Debug|Any CPU
		{B1F9DF41-B9C4-4A4D-B0A1-5843CE5960C5}.Debug|Any CPU.Build.0 = Debug|Any CPU
		{B1F9DF41-B9C4-4A4D-B0A1-5843CE5960C5}.Release|Any CPU.ActiveCfg = Release|Any CPU
		{B1F9DF41-B9C4-4A4D-B0A1-5843CE5960C5}.Release|Any CPU.Build.0 = Release|Any CPU
		{FB7F5D93-4CAA-4248-99D0-54C76F5A2B2C}.Debug|Any CPU.ActiveCfg = Debug|Any CPU
		{FB7F5D93-4CAA-4248-99D0-54C76F5A2B2C}.Debug|Any CPU.Build.0 = Debug|Any CPU
		{FB7F5D93-4CAA-4248-99D0-54C76F5A2B2C}.Release|Any CPU.ActiveCfg = Release|Any CPU
		{FB7F5D93-4CAA-4248-99D0-54C76F5A2B2C}.Release|Any CPU.Build.0 = Release|Any CPU
		{E5C7FD2C-299E-46C1-A588-F5D0F8F02CF5}.Debug|Any CPU.ActiveCfg = Debug|Any CPU
		{E5C7FD2C-299E-46C1-A588-F5D0F8F02CF5}.Debug|Any CPU.Build.0 = Debug|Any CPU
		{E5C7FD2C-299E-46C1-A588-F5D0F8F02CF5}.Release|Any CPU.ActiveCfg = Release|Any CPU
		{E5C7FD2C-299E-46C1-A588-F5D0F8F02CF5}.Release|Any CPU.Build.0 = Release|Any CPU
		{5C50C1B1-97E0-41B6-BA06-D38AC2C7B1D4}.Debug|Any CPU.ActiveCfg = Debug|Any CPU
		{5C50C1B1-97E0-41B6-BA06-D38AC2C7B1D4}.Debug|Any CPU.Build.0 = Debug|Any CPU
		{5C50C1B1-97E0-41B6-BA06-D38AC2C7B1D4}.Release|Any CPU.ActiveCfg = Release|Any CPU
		{5C50C1B1-97E0-41B6-BA06-D38AC2C7B1D4}.Release|Any CPU.Build.0 = Release|Any CPU
	EndGlobalSection
EndGlobal
