
Microsoft Visual Studio Solution File, Format Version 12.00
# Visual Studio Version 17
VisualStudioVersion = 17.0.31903.59
MinimumVisualStudioVersion = 10.0.40219.1
Project("{FAE04EC0-301F-11D3-BF4B-00C04F79EFBC}") = "Day 1", "day-01\day-01.csproj", "{96FC2EDB-1F00-4509-B261-90C8E5E81139}"
EndProject
Project("{FAE04EC0-301F-11D3-BF4B-00C04F79EFBC}") = "Day 2", "day-02\day-02.csproj", "{B283987E-BFB1-4CF8-969E-1DE910E40713}"
EndProject
Project("{FAE04EC0-301F-11D3-BF4B-00C04F79EFBC}") = "Day 3", "day-03\day-03.csproj", "{A77B6080-E856-4B16-9784-D3EE564ACAC8}"
EndProject
Project("{FAE04EC0-301F-11D3-BF4B-00C04F79EFBC}") = "Day 4", "day-04\day-04.csproj", "{E1FB12C8-B50B-46BC-BE62-6B7F33288BE4}"
EndProject
Project("{FAE04EC0-301F-11D3-BF4B-00C04F79EFBC}") = "Day 5", "day-05\day-05.csproj", "{E0518F08-9E2F-458B-B5A0-36046A7B16A7}"
EndProject
Project("{FAE04EC0-301F-11D3-BF4B-00C04F79EFBC}") = "Day 6", "day-06\day-06.csproj", "{B1F9DF41-B9C4-4A4D-B0A1-5843CE5960C5}"
EndProject
Project("{FAE04EC0-301F-11D3-BF4B-00C04F79EFBC}") = "Day 7", "day-07\day-07.csproj", "{FB7F5D93-4CAA-4248-99D0-54C76F5A2B2C}"
EndProject
Project("{FAE04EC0-301F-11D3-BF4B-00C04F79EFBC}") = "Day 8", "day-08\day-08.csproj", "{E5C7FD2C-299E-46C1-A588-F5D0F8F02CF5}"
EndProject
Project("{FAE04EC0-301F-11D3-BF4B-00C04F79EFBC}") = "Day 9", "day-09\day-09.csproj", "{5C50C1B1-97E0-41B6-BA06-D38AC2C7B1D4}"
EndProject
Project("{FAE04EC0-301F-11D3-BF4B-00C04F79EFBC}") = "Day 10", "day-10\day-10.csproj", "{96BB40EC-8EE7-4095-8677-34374577F04F}"
EndProject
Project("{FAE04EC0-301F-11D3-BF4B-00C04F79EFBC}") = "Day 11", "day-11\day-11.csproj", "{0E3B4073-7F1E-4743-BF65-4896D7191C4F}"
EndProject
Project("{FAE04EC0-301F-11D3-BF4B-00C04F79EFBC}") = "Day 12", "day-12\day-12.csproj", "{49A4E20D-2742-4D30-A3E5-CD6602377F27}"
EndProject
Project("{FAE04EC0-301F-11D3-BF4B-00C04F79EFBC}") = "Day 13", "day-13\day-13.csproj", "{872993FF-4E26-4761-9560-41AB72D2C7BB}"
EndProject
Project("{FAE04EC0-301F-11D3-BF4B-00C04F79EFBC}") = "Day 14", "day-14\day-14.csproj", "{DFDC3F2A-C24D-4D0F-BBDB-E9B7AA8CC6B9}"
EndProject
Project("{FAE04EC0-301F-11D3-BF4B-00C04F79EFBC}") = "Day 15", "day-15\day-15.csproj", "{FE840121-C487-4C7A-9137-CEB8CE06812D}"
EndProject
Project("{FAE04EC0-301F-11D3-BF4B-00C04F79EFBC}") = "Day 16", "day-16\day-16.csproj", "{2191E7D0-ADD0-400A-9CAD-9A0B6F2027AE}"
EndProject
Project("{FAE04EC0-301F-11D3-BF4B-00C04F79EFBC}") = "Day 17", "day-17\day-17.csproj", "{B5EF9529-683F-45E3-B9AA-9D8536E3724E}"
EndProject
Project("{FAE04EC0-301F-11D3-BF4B-00C04F79EFBC}") = "Day 18", "day-18\day-18.csproj", "{8A107C7E-CF1F-42C2-917A-4EBD829C2C13}"
EndProject
Project("{FAE04EC0-301F-11D3-BF4B-00C04F79EFBC}") = "Day 19", "day-19\day-19.csproj", "{9FD5581D-4BB4-46EF-BA9E-E8498160149D}"
EndProject
Project("{FAE04EC0-301F-11D3-BF4B-00C04F79EFBC}") = "Day 20", "day-20\day-20.csproj", "{BFB4A902-B2D1-43D5-A107-0BD9CEF6E03F}"
EndProject
Project("{FAE04EC0-301F-11D3-BF4B-00C04F79EFBC}") = "Day 21", "day-21\day-21.csproj", "{F1BC36DC-1360-4805-AFB5-4CA3733ECED0}"
EndProject
Project("{FAE04EC0-301F-11D3-BF4B-00C04F79EFBC}") = "Day 22", "day-22\day-22.csproj", "{E39E4D73-D1D4-4EA0-ABCA-906A015416ED}"
EndProject
Project("{FAE04EC0-301F-11D3-BF4B-00C04F79EFBC}") = "Day 23", "day-23\day-23.csproj", "{EBEC2DF2-B73E-4080-8327-210DB61BF7E1}"
EndProject
Project("{FAE04EC0-301F-11D3-BF4B-00C04F79EFBC}") = "Day 24", "day-24\day-24.csproj", "{2B29EE73-11BE-45F7-8A1B-0E6F4936D2F3}"
EndProject
Global
	GlobalSection(SolutionConfigurationPlatforms) = preSolution
		Debug|Any CPU = Debug|Any CPU
		Release|Any CPU = Release|Any CPU
	EndGlobalSection
	GlobalSection(SolutionProperties) = preSolution
		HideSolutionNode = FALSE
	EndGlobalSection
	GlobalSection(ProjectConfigurationPlatforms) = postSolution
		{96FC2EDB-1F00-4509-B261-90C8E5E81139}.Debug|Any CPU.ActiveCfg = Debug|Any CPU
		{96FC2EDB-1F00-4509-B261-90C8E5E81139}.Debug|Any CPU.Build.0 = Debug|Any CPU
		{96FC2EDB-1F00-4509-B261-90C8E5E81139}.Release|Any CPU.ActiveCfg = Release|Any CPU
		{96FC2EDB-1F00-4509-B261-90C8E5E81139}.Release|Any CPU.Build.0 = Release|Any CPU
		{B283987E-BFB1-4CF8-969E-1DE910E40713}.Debug|Any CPU.ActiveCfg = Debug|Any CPU
		{B283987E-BFB1-4CF8-969E-1DE910E40713}.Debug|Any CPU.Build.0 = Debug|Any CPU
		{B283987E-BFB1-4CF8-969E-1DE910E40713}.Release|Any CPU.ActiveCfg = Release|Any CPU
		{B283987E-BFB1-4CF8-969E-1DE910E40713}.Release|Any CPU.Build.0 = Release|Any CPU
		{A77B6080-E856-4B16-9784-D3EE564ACAC8}.Debug|Any CPU.ActiveCfg = Debug|Any CPU
		{A77B6080-E856-4B16-9784-D3EE564ACAC8}.Debug|Any CPU.Build.0 = Debug|Any CPU
		{A77B6080-E856-4B16-9784-D3EE564ACAC8}.Release|Any CPU.ActiveCfg = Release|Any CPU
		{A77B6080-E856-4B16-9784-D3EE564ACAC8}.Release|Any CPU.Build.0 = Release|Any CPU
		{E1FB12C8-B50B-46BC-BE62-6B7F33288BE4}.Debug|Any CPU.ActiveCfg = Debug|Any CPU
		{E1FB12C8-B50B-46BC-BE62-6B7F33288BE4}.Debug|Any CPU.Build.0 = Debug|Any CPU
		{E1FB12C8-B50B-46BC-BE62-6B7F33288BE4}.Release|Any CPU.ActiveCfg = Release|Any CPU
		{E1FB12C8-B50B-46BC-BE62-6B7F33288BE4}.Release|Any CPU.Build.0 = Release|Any CPU
		{E0518F08-9E2F-458B-B5A0-36046A7B16A7}.Debug|Any CPU.ActiveCfg = Debug|Any CPU
		{E0518F08-9E2F-458B-B5A0-36046A7B16A7}.Debug|Any CPU.Build.0 = Debug|Any CPU
		{E0518F08-9E2F-458B-B5A0-36046A7B16A7}.Release|Any CPU.ActiveCfg = Release|Any CPU
		{E0518F08-9E2F-458B-B5A0-36046A7B16A7}.Release|Any CPU.Build.0 = Release|Any CPU
		{B1F9DF41-B9C4-4A4D-B0A1-5843CE5960C5}.Debug|Any CPU.ActiveCfg = Debug|Any CPU
		{B1F9DF41-B9C4-4A4D-B0A1-5843CE5960C5}.Debug|Any CPU.Build.0 = Debug|Any CPU
		{B1F9DF41-B9C4-4A4D-B0A1-5843CE5960C5}.Release|Any CPU.ActiveCfg = Release|Any CPU
		{B1F9DF41-B9C4-4A4D-B0A1-5843CE5960C5}.Release|Any CPU.Build.0 = Release|Any CPU
		{FB7F5D93-4CAA-4248-99D0-54C76F5A2B2C}.Debug|Any CPU.ActiveCfg = Debug|Any CPU
		{FB7F5D93-4CAA-4248-99D0-54C76F5A2B2C}.Debug|Any CPU.Build.0 = Debug|Any CPU
		{FB7F5D93-4CAA-4248-99D0-54C76F5A2B2C}.Release|Any CPU.ActiveCfg = Release|Any CPU
		{FB7F5D93-4CAA-4248-99D0-54C76F5A2B2C}.Release|Any CPU.Build.0 = Release|Any CPU
		{E5C7FD2C-299E-46C1-A588-F5D0F8F02CF5}.Debug|Any CPU.ActiveCfg = Debug|Any CPU
		{E5C7FD2C-299E-46C1-A588-F5D0F8F02CF5}.Debug|Any CPU.Build.0 = Debug|Any CPU
		{E5C7FD2C-299E-46C1-A588-F5D0F8F02CF5}.Release|Any CPU.ActiveCfg = Release|Any CPU
		{E5C7FD2C-299E-46C1-A588-F5D0F8F02CF5}.Release|Any CPU.Build.0 = Release|Any CPU
		{5C50C1B1-97E0-41B6-BA06-D38AC2C7B1D4}.Debug|Any CPU.ActiveCfg = Debug|Any CPU
		{5C50C1B1-97E0-41B6-BA06-D38AC2C7B1D4}.Debug|Any CPU.Build.0 = Debug|Any CPU
		{5C50C1B1-97E0-41B6-BA06-D38AC2C7B1D4}.Release|Any CPU.ActiveCfg = Release|Any CPU
		{5C50C1B1-97E0-41B6-BA06-D38AC2C7B1D4}.Release|Any CPU.Build.0 = Release|Any CPU
		{96BB40EC-8EE7-4095-8677-34374577F04F}.Debug|Any CPU.ActiveCfg = Debug|Any CPU
		{96BB40EC-8EE7-4095-8677-34374577F04F}.Debug|Any CPU.Build.0 = Debug|Any CPU
		{96BB40EC-8EE7-4095-8677-34374577F04F}.Release|Any CPU.ActiveCfg = Release|Any CPU
		{96BB40EC-8EE7-4095-8677-34374577F04F}.Release|Any CPU.Build.0 = Release|Any CPU
		{0E3B4073-7F1E-4743-BF65-4896D7191C4F}.Debug|Any CPU.ActiveCfg = Debug|Any CPU
		{0E3B4073-7F1E-4743-BF65-4896D7191C4F}.Debug|Any CPU.Build.0 = Debug|Any CPU
		{0E3B4073-7F1E-4743-BF65-4896D7191C4F}.Release|Any CPU.ActiveCfg = Release|Any CPU
		{0E3B4073-7F1E-4743-BF65-4896D7191C4F}.Release|Any CPU.Build.0 = Release|Any CPU
		{49A4E20D-2742-4D30-A3E5-CD6602377F27}.Debug|Any CPU.ActiveCfg = Debug|Any CPU
		{49A4E20D-2742-4D30-A3E5-CD6602377F27}.Debug|Any CPU.Build.0 = Debug|Any CPU
		{49A4E20D-2742-4D30-A3E5-CD6602377F27}.Release|Any CPU.ActiveCfg = Release|Any CPU
		{49A4E20D-2742-4D30-A3E5-CD6602377F27}.Release|Any CPU.Build.0 = Release|Any CPU
		{872993FF-4E26-4761-9560-41AB72D2C7BB}.Debug|Any CPU.ActiveCfg = Debug|Any CPU
		{872993FF-4E26-4761-9560-41AB72D2C7BB}.Debug|Any CPU.Build.0 = Debug|Any CPU
		{872993FF-4E26-4761-9560-41AB72D2C7BB}.Release|Any CPU.ActiveCfg = Release|Any CPU
		{872993FF-4E26-4761-9560-41AB72D2C7BB}.Release|Any CPU.Build.0 = Release|Any CPU
		{DFDC3F2A-C24D-4D0F-BBDB-E9B7AA8CC6B9}.Debug|Any CPU.ActiveCfg = Debug|Any CPU
		{DFDC3F2A-C24D-4D0F-BBDB-E9B7AA8CC6B9}.Debug|Any CPU.Build.0 = Debug|Any CPU
		{DFDC3F2A-C24D-4D0F-BBDB-E9B7AA8CC6B9}.Release|Any CPU.ActiveCfg = Release|Any CPU
		{DFDC3F2A-C24D-4D0F-BBDB-E9B7AA8CC6B9}.Release|Any CPU.Build.0 = Release|Any CPU
		{FE840121-C487-4C7A-9137-CEB8CE06812D}.Debug|Any CPU.ActiveCfg = Debug|Any CPU
		{FE840121-C487-4C7A-9137-CEB8CE06812D}.Debug|Any CPU.Build.0 = Debug|Any CPU
		{FE840121-C487-4C7A-9137-CEB8CE06812D}.Release|Any CPU.ActiveCfg = Release|Any CPU
		{FE840121-C487-4C7A-9137-CEB8CE06812D}.Release|Any CPU.Build.0 = Release|Any CPU
		{2191E7D0-ADD0-400A-9CAD-9A0B6F2027AE}.Debug|Any CPU.ActiveCfg = Debug|Any CPU
		{2191E7D0-ADD0-400A-9CAD-9A0B6F2027AE}.Debug|Any CPU.Build.0 = Debug|Any CPU
		{2191E7D0-ADD0-400A-9CAD-9A0B6F2027AE}.Release|Any CPU.ActiveCfg = Release|Any CPU
		{2191E7D0-ADD0-400A-9CAD-9A0B6F2027AE}.Release|Any CPU.Build.0 = Release|Any CPU
		{B5EF9529-683F-45E3-B9AA-9D8536E3724E}.Debug|Any CPU.ActiveCfg = Debug|Any CPU
		{B5EF9529-683F-45E3-B9AA-9D8536E3724E}.Debug|Any CPU.Build.0 = Debug|Any CPU
		{B5EF9529-683F-45E3-B9AA-9D8536E3724E}.Release|Any CPU.ActiveCfg = Release|Any CPU
		{B5EF9529-683F-45E3-B9AA-9D8536E3724E}.Release|Any CPU.Build.0 = Release|Any CPU
		{8A107C7E-CF1F-42C2-917A-4EBD829C2C13}.Debug|Any CPU.ActiveCfg = Debug|Any CPU
		{8A107C7E-CF1F-42C2-917A-4EBD829C2C13}.Debug|Any CPU.Build.0 = Debug|Any CPU
		{8A107C7E-CF1F-42C2-917A-4EBD829C2C13}.Release|Any CPU.ActiveCfg = Release|Any CPU
		{8A107C7E-CF1F-42C2-917A-4EBD829C2C13}.Release|Any CPU.Build.0 = Release|Any CPU
		{9FD5581D-4BB4-46EF-BA9E-E8498160149D}.Debug|Any CPU.ActiveCfg = Debug|Any CPU
		{9FD5581D-4BB4-46EF-BA9E-E8498160149D}.Debug|Any CPU.Build.0 = Debug|Any CPU
		{9FD5581D-4BB4-46EF-BA9E-E8498160149D}.Release|Any CPU.ActiveCfg = Release|Any CPU
		{9FD5581D-4BB4-46EF-BA9E-E8498160149D}.Release|Any CPU.Build.0 = Release|Any CPU
		{BFB4A902-B2D1-43D5-A107-0BD9CEF6E03F}.Debug|Any CPU.ActiveCfg = Debug|Any CPU
		{BFB4A902-B2D1-43D5-A107-0BD9CEF6E03F}.Debug|Any CPU.Build.0 = Debug|Any CPU
		{BFB4A902-B2D1-43D5-A107-0BD9CEF6E03F}.Release|Any CPU.ActiveCfg = Release|Any CPU
		{BFB4A902-B2D1-43D5-A107-0BD9CEF6E03F}.Release|Any CPU.Build.0 = Release|Any CPU
		{F1BC36DC-1360-4805-AFB5-4CA3733ECED0}.Debug|Any CPU.ActiveCfg = Debug|Any CPU
		{F1BC36DC-1360-4805-AFB5-4CA3733ECED0}.Debug|Any CPU.Build.0 = Debug|Any CPU
		{F1BC36DC-1360-4805-AFB5-4CA3733ECED0}.Release|Any CPU.ActiveCfg = Release|Any CPU
		{F1BC36DC-1360-4805-AFB5-4CA3733ECED0}.Release|Any CPU.Build.0 = Release|Any CPU
		{E39E4D73-D1D4-4EA0-ABCA-906A015416ED}.Debug|Any CPU.ActiveCfg = Debug|Any CPU
		{E39E4D73-D1D4-4EA0-ABCA-906A015416ED}.Debug|Any CPU.Build.0 = Debug|Any CPU
		{E39E4D73-D1D4-4EA0-ABCA-906A015416ED}.Release|Any CPU.ActiveCfg = Release|Any CPU
		{E39E4D73-D1D4-4EA0-ABCA-906A015416ED}.Release|Any CPU.Build.0 = Release|Any CPU
		{EBEC2DF2-B73E-4080-8327-210DB61BF7E1}.Debug|Any CPU.ActiveCfg = Debug|Any CPU
		{EBEC2DF2-B73E-4080-8327-210DB61BF7E1}.Debug|Any CPU.Build.0 = Debug|Any CPU
		{EBEC2DF2-B73E-4080-8327-210DB61BF7E1}.Release|Any CPU.ActiveCfg = Release|Any CPU
		{EBEC2DF2-B73E-4080-8327-210DB61BF7E1}.Release|Any CPU.Build.0 = Release|Any CPU
		{2B29EE73-11BE-45F7-8A1B-0E6F4936D2F3}.Debug|Any CPU.ActiveCfg = Debug|Any CPU
		{2B29EE73-11BE-45F7-8A1B-0E6F4936D2F3}.Debug|Any CPU.Build.0 = Debug|Any CPU
		{2B29EE73-11BE-45F7-8A1B-0E6F4936D2F3}.Release|Any CPU.ActiveCfg = Release|Any CPU
		{2B29EE73-11BE-45F7-8A1B-0E6F4936D2F3}.Release|Any CPU.Build.0 = Release|Any CPU
	EndGlobalSection
EndGlobal
